<?xml version="1.0" encoding="UTF-8" standalone="yes" ?>
<CodeBlocks_project_file>
	<FileVersion major="1" minor="6" />
	<Project>
		<Option title="UTN_Fitness_Center" />
		<Option pch_mode="2" />
		<Option compiler="gcc" />
		<Build>
			<Target title="Debug">
				<Option output="bin/Debug/UTN_Fitness_Center" prefix_auto="1" extension_auto="1" />
				<Option object_output="obj/Debug/" />
				<Option type="1" />
				<Option compiler="gcc" />
				<Compiler>
					<Add option="-g" />
				</Compiler>
			</Target>
			<Target title="Release">
				<Option output="bin/Release/UTN_Fitness_Center" prefix_auto="1" extension_auto="1" />
				<Option object_output="obj/Release/" />
				<Option type="1" />
				<Option compiler="gcc" />
				<Compiler>
					<Add option="-O2" />
				</Compiler>
				<Linker>
					<Add option="-s" />
				</Linker>
			</Target>
		</Build>
		<Compiler>
			<Add option="-Wall" />
		</Compiler>
		<Unit filename="actividad.h" />
		<Unit filename="actividad_por_cliente.h" />
		<Unit filename="cancha.h" />
		<Unit filename="empleado.h" />
		<Unit filename="main.cpp" />
		<Unit filename="menus.h" />
		<Unit filename="noticia.h" />
		<Unit filename="persona.h" />
		<Unit filename="reservaDeCancha.h" />
		<Unit filename="rutina.h" />
		<Unit filename="rutina_por_cliente.h" />
		<Unit filename="socio.h" />
		<Extensions>
			<code_completion />
			<envvars />
			<debugger />
		</Extensions>
	</Project>
</CodeBlocks_project_file>
